
Microsoft Visual Studio Solution File, Format Version 12.00
# Visual Studio Version 16
VisualStudioVersion = 16.0.29519.87
MinimumVisualStudioVersion = 10.0.40219.1
Project("{FAE04EC0-301F-11D3-BF4B-00C04F79EFBC}") = "SuperAdventure", "SuperAdventure\SuperAdventure.csproj", "{39241409-DDEF-4AF0-9495-B09B4AC1657A}"
EndProject
Project("{FAE04EC0-301F-11D3-BF4B-00C04F79EFBC}") = "Engine", "Engine\Engine.csproj", "{33536F41-1B36-450C-A55B-44F600FAD043}"
EndProject
Global
	GlobalSection(SolutionConfigurationPlatforms) = preSolution
		Debug|Any CPU = Debug|Any CPU
		Release|Any CPU = Release|Any CPU
	EndGlobalSection
	GlobalSection(ProjectConfigurationPlatforms) = postSolution
		{39241409-DDEF-4AF0-9495-B09B4AC1657A}.Debug|Any CPU.ActiveCfg = Debug|Any CPU
		{39241409-DDEF-4AF0-9495-B09B4AC1657A}.Debug|Any CPU.Build.0 = Debug|Any CPU
		{39241409-DDEF-4AF0-9495-B09B4AC1657A}.Release|Any CPU.ActiveCfg = Release|Any CPU
		{39241409-DDEF-4AF0-9495-B09B4AC1657A}.Release|Any CPU.Build.0 = Release|Any CPU
		{33536F41-1B36-450C-A55B-44F600FAD043}.Debug|Any CPU.ActiveCfg = Debug|Any CPU
		{33536F41-1B36-450C-A55B-44F600FAD043}.Debug|Any CPU.Build.0 = Debug|Any CPU
		{33536F41-1B36-450C-A55B-44F600FAD043}.Release|Any CPU.ActiveCfg = Release|Any CPU
		{33536F41-1B36-450C-A55B-44F600FAD043}.Release|Any CPU.Build.0 = Release|Any CPU
	EndGlobalSection
	GlobalSection(SolutionProperties) = preSolution
		HideSolutionNode = FALSE
	EndGlobalSection
	GlobalSection(ExtensibilityGlobals) = postSolution
		SolutionGuid = {C5BC8506-5E8D-4CE5-9021-F6F93989C761}
	EndGlobalSection
EndGlobal
